
Microsoft Visual Studio Solution File, Format Version 12.00
# Visual Studio Version 16
VisualStudioVersion = 16.0.31321.278
MinimumVisualStudioVersion = 10.0.40219.1
Project("{FAE04EC0-301F-11D3-BF4B-00C04F79EFBC}") = "quickmd", "quickmd.csproj", "{1B40E68D-DF0D-47A7-892C-8B6DDBD2F555}"
EndProject
Global
	GlobalSection(SolutionConfigurationPlatforms) = preSolution
		Debug|Any CPU = Debug|Any CPU
		Release|Any CPU = Release|Any CPU
	EndGlobalSection
	GlobalSection(ProjectConfigurationPlatforms) = postSolution
		{1B40E68D-DF0D-47A7-892C-8B6DDBD2F555}.Debug|Any CPU.ActiveCfg = Debug|Any CPU
		{1B40E68D-DF0D-47A7-892C-8B6DDBD2F555}.Debug|Any CPU.Build.0 = Debug|Any CPU
		{1B40E68D-DF0D-47A7-892C-8B6DDBD2F555}.Release|Any CPU.ActiveCfg = Release|Any CPU
		{1B40E68D-DF0D-47A7-892C-8B6DDBD2F555}.Release|Any CPU.Build.0 = Release|Any CPU
	EndGlobalSection
	GlobalSection(SolutionProperties) = preSolution
		HideSolutionNode = FALSE
	EndGlobalSection
	GlobalSection(ExtensibilityGlobals) = postSolution
		SolutionGuid = {A7DA3F53-9575-4BDC-AB87-767C26600F52}
	EndGlobalSection
EndGlobal
